{
  "name": "uin2022-oblig8",
  "lockfileVersion": 2,
  "requires": true,
  "packages": {
    "": {
      "dependencies": {
        "@sanity/cli": "^2.28.0"
      }
    },
    "node_modules/@sanity/cli": {
      "version": "2.28.0",
      "resolved": "https://registry.npmjs.org/@sanity/cli/-/cli-2.28.0.tgz",
      "integrity": "sha512-3uMn6iPscVn+Y8/X3HbbV3OzMXmuFK3xc6FnwC/cCRfh6IjAcT0NzwdviBF+Fkx1+zCeLFYxe5WYN9LlOSlePQ==",
      "bin": {
        "sanity": "bin/sanity"
      },
      "engines": {
        "node": ">=12.0.0"
      }
    }
  },
  "dependencies": {
    "@sanity/cli": {
      "version": "2.28.0",
      "resolved": "https://registry.npmjs.org/@sanity/cli/-/cli-2.28.0.tgz",
      "integrity": "sha512-3uMn6iPscVn+Y8/X3HbbV3OzMXmuFK3xc6FnwC/cCRfh6IjAcT0NzwdviBF+Fkx1+zCeLFYxe5WYN9LlOSlePQ=="
    }
  }
}
